
Microsoft Visual Studio Solution File, Format Version 12.00
# Visual Studio Version 16
VisualStudioVersion = 16.0.30204.135
MinimumVisualStudioVersion = 10.0.40219.1
Project("{FAE04EC0-301F-11D3-BF4B-00C04F79EFBC}") = "CHAT", "CHAT\CHAT.csproj", "{981534A8-F1EF-43FD-8C31-4EEECC170C8F}"
EndProject
Project("{FAE04EC0-301F-11D3-BF4B-00C04F79EFBC}") = "ChatServer", "ChatServer\ChatServer.csproj", "{C120477C-6784-4CB4-AC46-5DAD32D319BB}"
EndProject
Global
	GlobalSection(SolutionConfigurationPlatforms) = preSolution
		Debug|Any CPU = Debug|Any CPU
		Release|Any CPU = Release|Any CPU
	EndGlobalSection
	GlobalSection(ProjectConfigurationPlatforms) = postSolution
		{981534A8-F1EF-43FD-8C31-4EEECC170C8F}.Debug|Any CPU.ActiveCfg = Debug|Any CPU
		{981534A8-F1EF-43FD-8C31-4EEECC170C8F}.Debug|Any CPU.Build.0 = Debug|Any CPU
		{981534A8-F1EF-43FD-8C31-4EEECC170C8F}.Release|Any CPU.ActiveCfg = Release|Any CPU
		{981534A8-F1EF-43FD-8C31-4EEECC170C8F}.Release|Any CPU.Build.0 = Release|Any CPU
		{C120477C-6784-4CB4-AC46-5DAD32D319BB}.Debug|Any CPU.ActiveCfg = Debug|Any CPU
		{C120477C-6784-4CB4-AC46-5DAD32D319BB}.Debug|Any CPU.Build.0 = Debug|Any CPU
		{C120477C-6784-4CB4-AC46-5DAD32D319BB}.Release|Any CPU.ActiveCfg = Release|Any CPU
		{C120477C-6784-4CB4-AC46-5DAD32D319BB}.Release|Any CPU.Build.0 = Release|Any CPU
	EndGlobalSection
	GlobalSection(SolutionProperties) = preSolution
		HideSolutionNode = FALSE
	EndGlobalSection
	GlobalSection(ExtensibilityGlobals) = postSolution
		SolutionGuid = {E91C8243-1746-4DB3-B0D2-65535E2DBA6C}
	EndGlobalSection
EndGlobal
